
Microsoft Visual Studio Solution File, Format Version 12.00
# Visual Studio Version 16
VisualStudioVersion = 16.0.31321.278
MinimumVisualStudioVersion = 10.0.40219.1
Project("{FAE04EC0-301F-11D3-BF4B-00C04F79EFBC}") = "GeneralStoreAPI", "GeneralStoreAPI\GeneralStoreAPI.csproj", "{A16CC611-2654-4883-B5CE-4CE2E6F60F70}"
EndProject
Global
	GlobalSection(SolutionConfigurationPlatforms) = preSolution
		Debug|Any CPU = Debug|Any CPU
		Release|Any CPU = Release|Any CPU
	EndGlobalSection
	GlobalSection(ProjectConfigurationPlatforms) = postSolution
		{A16CC611-2654-4883-B5CE-4CE2E6F60F70}.Debug|Any CPU.ActiveCfg = Debug|Any CPU
		{A16CC611-2654-4883-B5CE-4CE2E6F60F70}.Debug|Any CPU.Build.0 = Debug|Any CPU
		{A16CC611-2654-4883-B5CE-4CE2E6F60F70}.Release|Any CPU.ActiveCfg = Release|Any CPU
		{A16CC611-2654-4883-B5CE-4CE2E6F60F70}.Release|Any CPU.Build.0 = Release|Any CPU
	EndGlobalSection
	GlobalSection(SolutionProperties) = preSolution
		HideSolutionNode = FALSE
	EndGlobalSection
	GlobalSection(ExtensibilityGlobals) = postSolution
		SolutionGuid = {A4485725-3352-4C66-9EE5-C237EA6F51F4}
	EndGlobalSection
EndGlobal
